
Microsoft Visual Studio Solution File, Format Version 12.00
# Visual Studio Version 16
VisualStudioVersion = 16.0.808.7
MinimumVisualStudioVersion = 10.0.40219.1
Project("{FAE04EC0-301F-11D3-BF4B-00C04F79EFBC}") = "API", "API\API.csproj", "{9D77FE22-7EDD-4606-AEC6-4DAED0297329}"
EndProject
Project("{FAE04EC0-301F-11D3-BF4B-00C04F79EFBC}") = "Database", "Database\Database.csproj", "{979FBF4E-1FC7-452B-A8E6-FCCD5A3A3E4B}"
EndProject
Project("{FAE04EC0-301F-11D3-BF4B-00C04F79EFBC}") = "CoinChecker", "CoinChecker\CoinChecker.csproj", "{D5A71061-C080-41D1-990B-060D702C92DC}"
EndProject
Project("{FAE04EC0-301F-11D3-BF4B-00C04F79EFBC}") = "BusinessLayer", "BusinessLayer\BusinessLayer.csproj", "{55A2FE97-B992-44EA-A834-13021EF116D8}"
EndProject
Project("{FAE04EC0-301F-11D3-BF4B-00C04F79EFBC}") = "Common", "Common\Common.csproj", "{E4D61BDC-7C84-413F-894E-8D5BF9CE2F70}"
EndProject
Global
	GlobalSection(SolutionConfigurationPlatforms) = preSolution
		Debug|Any CPU = Debug|Any CPU
		Release|Any CPU = Release|Any CPU
	EndGlobalSection
	GlobalSection(ProjectConfigurationPlatforms) = postSolution
		{9D77FE22-7EDD-4606-AEC6-4DAED0297329}.Debug|Any CPU.ActiveCfg = Debug|Any CPU
		{9D77FE22-7EDD-4606-AEC6-4DAED0297329}.Debug|Any CPU.Build.0 = Debug|Any CPU
		{9D77FE22-7EDD-4606-AEC6-4DAED0297329}.Release|Any CPU.ActiveCfg = Release|Any CPU
		{9D77FE22-7EDD-4606-AEC6-4DAED0297329}.Release|Any CPU.Build.0 = Release|Any CPU
		{979FBF4E-1FC7-452B-A8E6-FCCD5A3A3E4B}.Debug|Any CPU.ActiveCfg = Debug|Any CPU
		{979FBF4E-1FC7-452B-A8E6-FCCD5A3A3E4B}.Debug|Any CPU.Build.0 = Debug|Any CPU
		{979FBF4E-1FC7-452B-A8E6-FCCD5A3A3E4B}.Release|Any CPU.ActiveCfg = Release|Any CPU
		{979FBF4E-1FC7-452B-A8E6-FCCD5A3A3E4B}.Release|Any CPU.Build.0 = Release|Any CPU
		{D5A71061-C080-41D1-990B-060D702C92DC}.Debug|Any CPU.ActiveCfg = Debug|Any CPU
		{D5A71061-C080-41D1-990B-060D702C92DC}.Debug|Any CPU.Build.0 = Debug|Any CPU
		{D5A71061-C080-41D1-990B-060D702C92DC}.Release|Any CPU.ActiveCfg = Release|Any CPU
		{D5A71061-C080-41D1-990B-060D702C92DC}.Release|Any CPU.Build.0 = Release|Any CPU
		{55A2FE97-B992-44EA-A834-13021EF116D8}.Debug|Any CPU.ActiveCfg = Debug|Any CPU
		{55A2FE97-B992-44EA-A834-13021EF116D8}.Debug|Any CPU.Build.0 = Debug|Any CPU
		{55A2FE97-B992-44EA-A834-13021EF116D8}.Release|Any CPU.ActiveCfg = Release|Any CPU
		{55A2FE97-B992-44EA-A834-13021EF116D8}.Release|Any CPU.Build.0 = Release|Any CPU
		{E4D61BDC-7C84-413F-894E-8D5BF9CE2F70}.Debug|Any CPU.ActiveCfg = Debug|Any CPU
		{E4D61BDC-7C84-413F-894E-8D5BF9CE2F70}.Debug|Any CPU.Build.0 = Debug|Any CPU
		{E4D61BDC-7C84-413F-894E-8D5BF9CE2F70}.Release|Any CPU.ActiveCfg = Release|Any CPU
		{E4D61BDC-7C84-413F-894E-8D5BF9CE2F70}.Release|Any CPU.Build.0 = Release|Any CPU
	EndGlobalSection
	GlobalSection(SolutionProperties) = preSolution
		HideSolutionNode = FALSE
	EndGlobalSection
	GlobalSection(ExtensibilityGlobals) = postSolution
		SolutionGuid = {BC12A529-38F4-445F-B6B4-CFF587B0E068}
	EndGlobalSection
EndGlobal
